# This file is automatically @generated by Cargo.
# It is not intended for manual editing.
version = 4

[[package]]
name = "ffi-string"
version = "1.0.4"
source = "registry+https://github.com/rust-lang/crates.io-index"
checksum = "a1839ad5c51c9936683ce106eb3280234f2e45edc2ffb7803e4b038412482f9a"

[[package]]
name = "hotrun-engine-api"
version = "0.1.0"
dependencies = [
 "ffi-string",
]
