# This file is automatically @generated by Cargo.
# It is not intended for manual editing.
version = 4

[[package]]
name = "ffi-string"
version = "1.0.2"
source = "registry+https://github.com/rust-lang/crates.io-index"
checksum = "2b80376612177a47cc3b5dc264f304ab083e36474b591176e9532ff837c93568"

[[package]]
name = "hotrun-engine-api"
version = "0.1.0"
dependencies = [
 "ffi-string",
]
